// !$*UTF8*$!
{
	archiveVersion = 1;
	classes = {
	};
	objectVersion = 55;
	objects = {

/* Begin PBXBuildFile section */
		0024750BAEB9630C4163DA2A /* Pods_TodoaryTests.framework in Frameworks */ = {isa = PBXBuildFile; fileRef = E55EFE0725C14803EBD9E70B /* Pods_TodoaryTests.framework */; };
		56C584E56558AE37F9CFD733 /* Pods_Todoary_TodoaryUITests.framework in Frameworks */ = {isa = PBXBuildFile; fileRef = 838439C8F09B9E7FFC421176 /* Pods_Todoary_TodoaryUITests.framework */; };
		572E5ADA286EBDCC00D1FAA0 /* AppDelegate.swift in Sources */ = {isa = PBXBuildFile; fileRef = 572E5AD9286EBDCC00D1FAA0 /* AppDelegate.swift */; };
		572E5ADC286EBDCC00D1FAA0 /* SceneDelegate.swift in Sources */ = {isa = PBXBuildFile; fileRef = 572E5ADB286EBDCC00D1FAA0 /* SceneDelegate.swift */; };
		572E5ADE286EBDCC00D1FAA0 /* ViewController.swift in Sources */ = {isa = PBXBuildFile; fileRef = 572E5ADD286EBDCC00D1FAA0 /* ViewController.swift */; };
		572E5AE1286EBDCC00D1FAA0 /* Main.storyboard in Resources */ = {isa = PBXBuildFile; fileRef = 572E5ADF286EBDCC00D1FAA0 /* Main.storyboard */; };
		572E5AE3286EBDCE00D1FAA0 /* Assets.xcassets in Resources */ = {isa = PBXBuildFile; fileRef = 572E5AE2286EBDCE00D1FAA0 /* Assets.xcassets */; };
		572E5AE6286EBDCE00D1FAA0 /* LaunchScreen.storyboard in Resources */ = {isa = PBXBuildFile; fileRef = 572E5AE4286EBDCE00D1FAA0 /* LaunchScreen.storyboard */; };
		572E5AF1286EBDCF00D1FAA0 /* TodoaryTests.swift in Sources */ = {isa = PBXBuildFile; fileRef = 572E5AF0286EBDCF00D1FAA0 /* TodoaryTests.swift */; };
		572E5AFB286EBDCF00D1FAA0 /* TodoaryUITests.swift in Sources */ = {isa = PBXBuildFile; fileRef = 572E5AFA286EBDCF00D1FAA0 /* TodoaryUITests.swift */; };
		572E5AFD286EBDCF00D1FAA0 /* TodoaryUITestsLaunchTests.swift in Sources */ = {isa = PBXBuildFile; fileRef = 572E5AFC286EBDCF00D1FAA0 /* TodoaryUITestsLaunchTests.swift */; };
		572E5B0B286EC06100D1FAA0 /* UIColor.swift in Sources */ = {isa = PBXBuildFile; fileRef = 572E5B0A286EC06100D1FAA0 /* UIColor.swift */; };
		572E5B0E286EC10500D1FAA0 /* UIFont.swift in Sources */ = {isa = PBXBuildFile; fileRef = 572E5B0D286EC10500D1FAA0 /* UIFont.swift */; };
		572E5B12286EC3C800D1FAA0 /* SignUpViewController.swift in Sources */ = {isa = PBXBuildFile; fileRef = 572E5B11286EC3C800D1FAA0 /* SignUpViewController.swift */; };
		572E5B16286ED60C00D1FAA0 /* AppleSDGothicNeoB.ttf in Resources */ = {isa = PBXBuildFile; fileRef = 572E5B13286ED60C00D1FAA0 /* AppleSDGothicNeoB.ttf */; };
		572E5B17286ED60C00D1FAA0 /* AppleSDGothicNeoM.ttf in Resources */ = {isa = PBXBuildFile; fileRef = 572E5B14286ED60C00D1FAA0 /* AppleSDGothicNeoM.ttf */; };
		572E5B18286ED60C00D1FAA0 /* AppleSDGothicNeoSB.ttf in Resources */ = {isa = PBXBuildFile; fileRef = 572E5B15286ED60C00D1FAA0 /* AppleSDGothicNeoSB.ttf */; };
		572E5B1A286F056800D1FAA0 /* SignUpViewController+Layout.swift in Sources */ = {isa = PBXBuildFile; fileRef = 572E5B19286F056800D1FAA0 /* SignUpViewController+Layout.swift */; };
		5B93D8A67A229AA6C9BB8AB4 /* Pods_Todoary.framework in Frameworks */ = {isa = PBXBuildFile; fileRef = B70BFA075BC3082433B39DDB /* Pods_Todoary.framework */; };
		E076E9EB28703CAF001E14E1 /* AgreementViewController+Layout.swift in Sources */ = {isa = PBXBuildFile; fileRef = E076E9E9287032C5001E14E1 /* AgreementViewController+Layout.swift */; };
		E076E9ED28703DEE001E14E1 /* AgreementViewController.swift in Sources */ = {isa = PBXBuildFile; fileRef = E005DE79287019BD00814C79 /* AgreementViewController.swift */; };
		E076E9EE28703EA1001E14E1 /* AppPasswordViewController+Layout.swift in Sources */ = {isa = PBXBuildFile; fileRef = E005DE7A287019F900814C79 /* AppPasswordViewController+Layout.swift */; };
		E076E9F028703ECE001E14E1 /* AppPasswordViewController.swift in Sources */ = {isa = PBXBuildFile; fileRef = E076E9EF28703ECE001E14E1 /* AppPasswordViewController.swift */; };
/* End PBXBuildFile section */

/* Begin PBXContainerItemProxy section */
		572E5AED286EBDCF00D1FAA0 /* PBXContainerItemProxy */ = {
			isa = PBXContainerItemProxy;
			containerPortal = 572E5ACE286EBDCC00D1FAA0 /* Project object */;
			proxyType = 1;
			remoteGlobalIDString = 572E5AD5286EBDCC00D1FAA0;
			remoteInfo = Todoary;
		};
		572E5AF7286EBDCF00D1FAA0 /* PBXContainerItemProxy */ = {
			isa = PBXContainerItemProxy;
			containerPortal = 572E5ACE286EBDCC00D1FAA0 /* Project object */;
			proxyType = 1;
			remoteGlobalIDString = 572E5AD5286EBDCC00D1FAA0;
			remoteInfo = Todoary;
		};
/* End PBXContainerItemProxy section */

/* Begin PBXFileReference section */
		0561ADF242915405D22C51D3 /* Pods-TodoaryTests.debug.xcconfig */ = {isa = PBXFileReference; includeInIndex = 1; lastKnownFileType = text.xcconfig; name = "Pods-TodoaryTests.debug.xcconfig"; path = "Target Support Files/Pods-TodoaryTests/Pods-TodoaryTests.debug.xcconfig"; sourceTree = "<group>"; };
		20C1A5B5410B3E6C877D1E0E /* Pods-TodoaryTests.release.xcconfig */ = {isa = PBXFileReference; includeInIndex = 1; lastKnownFileType = text.xcconfig; name = "Pods-TodoaryTests.release.xcconfig"; path = "Target Support Files/Pods-TodoaryTests/Pods-TodoaryTests.release.xcconfig"; sourceTree = "<group>"; };
		23500EEC1C12769BD765D73F /* Pods-Todoary.debug.xcconfig */ = {isa = PBXFileReference; includeInIndex = 1; lastKnownFileType = text.xcconfig; name = "Pods-Todoary.debug.xcconfig"; path = "Target Support Files/Pods-Todoary/Pods-Todoary.debug.xcconfig"; sourceTree = "<group>"; };
		27551A320C2F6A0DAAA7560F /* Pods-Todoary-TodoaryUITests.debug.xcconfig */ = {isa = PBXFileReference; includeInIndex = 1; lastKnownFileType = text.xcconfig; name = "Pods-Todoary-TodoaryUITests.debug.xcconfig"; path = "Target Support Files/Pods-Todoary-TodoaryUITests/Pods-Todoary-TodoaryUITests.debug.xcconfig"; sourceTree = "<group>"; };
		572E5AD6286EBDCC00D1FAA0 /* Todoary.app */ = {isa = PBXFileReference; explicitFileType = wrapper.application; includeInIndex = 0; path = Todoary.app; sourceTree = BUILT_PRODUCTS_DIR; };
		572E5AD9286EBDCC00D1FAA0 /* AppDelegate.swift */ = {isa = PBXFileReference; lastKnownFileType = sourcecode.swift; path = AppDelegate.swift; sourceTree = "<group>"; };
		572E5ADB286EBDCC00D1FAA0 /* SceneDelegate.swift */ = {isa = PBXFileReference; lastKnownFileType = sourcecode.swift; path = SceneDelegate.swift; sourceTree = "<group>"; };
		572E5ADD286EBDCC00D1FAA0 /* ViewController.swift */ = {isa = PBXFileReference; lastKnownFileType = sourcecode.swift; path = ViewController.swift; sourceTree = "<group>"; };
		572E5AE0286EBDCC00D1FAA0 /* Base */ = {isa = PBXFileReference; lastKnownFileType = file.storyboard; name = Base; path = Base.lproj/Main.storyboard; sourceTree = "<group>"; };
		572E5AE2286EBDCE00D1FAA0 /* Assets.xcassets */ = {isa = PBXFileReference; lastKnownFileType = folder.assetcatalog; path = Assets.xcassets; sourceTree = "<group>"; };
		572E5AE5286EBDCE00D1FAA0 /* Base */ = {isa = PBXFileReference; lastKnownFileType = file.storyboard; name = Base; path = Base.lproj/LaunchScreen.storyboard; sourceTree = "<group>"; };
		572E5AE7286EBDCE00D1FAA0 /* Info.plist */ = {isa = PBXFileReference; lastKnownFileType = text.plist.xml; path = Info.plist; sourceTree = "<group>"; };
		572E5AEC286EBDCF00D1FAA0 /* TodoaryTests.xctest */ = {isa = PBXFileReference; explicitFileType = wrapper.cfbundle; includeInIndex = 0; path = TodoaryTests.xctest; sourceTree = BUILT_PRODUCTS_DIR; };
		572E5AF0286EBDCF00D1FAA0 /* TodoaryTests.swift */ = {isa = PBXFileReference; lastKnownFileType = sourcecode.swift; path = TodoaryTests.swift; sourceTree = "<group>"; };
		572E5AF6286EBDCF00D1FAA0 /* TodoaryUITests.xctest */ = {isa = PBXFileReference; explicitFileType = wrapper.cfbundle; includeInIndex = 0; path = TodoaryUITests.xctest; sourceTree = BUILT_PRODUCTS_DIR; };
		572E5AFA286EBDCF00D1FAA0 /* TodoaryUITests.swift */ = {isa = PBXFileReference; lastKnownFileType = sourcecode.swift; path = TodoaryUITests.swift; sourceTree = "<group>"; };
		572E5AFC286EBDCF00D1FAA0 /* TodoaryUITestsLaunchTests.swift */ = {isa = PBXFileReference; lastKnownFileType = sourcecode.swift; path = TodoaryUITestsLaunchTests.swift; sourceTree = "<group>"; };
		572E5B0A286EC06100D1FAA0 /* UIColor.swift */ = {isa = PBXFileReference; lastKnownFileType = sourcecode.swift; path = UIColor.swift; sourceTree = "<group>"; };
		572E5B0D286EC10500D1FAA0 /* UIFont.swift */ = {isa = PBXFileReference; lastKnownFileType = sourcecode.swift; path = UIFont.swift; sourceTree = "<group>"; };
		572E5B11286EC3C800D1FAA0 /* SignUpViewController.swift */ = {isa = PBXFileReference; lastKnownFileType = sourcecode.swift; path = SignUpViewController.swift; sourceTree = "<group>"; };
		572E5B13286ED60C00D1FAA0 /* AppleSDGothicNeoB.ttf */ = {isa = PBXFileReference; lastKnownFileType = file; path = AppleSDGothicNeoB.ttf; sourceTree = "<group>"; };
		572E5B14286ED60C00D1FAA0 /* AppleSDGothicNeoM.ttf */ = {isa = PBXFileReference; lastKnownFileType = file; path = AppleSDGothicNeoM.ttf; sourceTree = "<group>"; };
		572E5B15286ED60C00D1FAA0 /* AppleSDGothicNeoSB.ttf */ = {isa = PBXFileReference; lastKnownFileType = file; path = AppleSDGothicNeoSB.ttf; sourceTree = "<group>"; };
		572E5B19286F056800D1FAA0 /* SignUpViewController+Layout.swift */ = {isa = PBXFileReference; lastKnownFileType = sourcecode.swift; path = "SignUpViewController+Layout.swift"; sourceTree = "<group>"; };
		838439C8F09B9E7FFC421176 /* Pods_Todoary_TodoaryUITests.framework */ = {isa = PBXFileReference; explicitFileType = wrapper.framework; includeInIndex = 0; path = Pods_Todoary_TodoaryUITests.framework; sourceTree = BUILT_PRODUCTS_DIR; };
		B70BFA075BC3082433B39DDB /* Pods_Todoary.framework */ = {isa = PBXFileReference; explicitFileType = wrapper.framework; includeInIndex = 0; path = Pods_Todoary.framework; sourceTree = BUILT_PRODUCTS_DIR; };
		E005DE76287019AC00814C79 /* AgreementViewController.swift */ = {isa = PBXFileReference; lastKnownFileType = sourcecode.swift; name = AgreementViewController.swift; path = ../../../../Documents/AgreementViewController.swift; sourceTree = "<group>"; };
		E005DE79287019BD00814C79 /* AgreementViewController.swift */ = {isa = PBXFileReference; lastKnownFileType = sourcecode.swift; path = AgreementViewController.swift; sourceTree = "<group>"; };
		E005DE7A287019F900814C79 /* AppPasswordViewController+Layout.swift */ = {isa = PBXFileReference; lastKnownFileType = sourcecode.swift; path = "AppPasswordViewController+Layout.swift"; sourceTree = "<group>"; };
		E076E9E9287032C5001E14E1 /* AgreementViewController+Layout.swift */ = {isa = PBXFileReference; lastKnownFileType = sourcecode.swift; path = "AgreementViewController+Layout.swift"; sourceTree = "<group>"; };
		E076E9EF28703ECE001E14E1 /* AppPasswordViewController.swift */ = {isa = PBXFileReference; lastKnownFileType = sourcecode.swift; path = AppPasswordViewController.swift; sourceTree = "<group>"; };
		E55EFE0725C14803EBD9E70B /* Pods_TodoaryTests.framework */ = {isa = PBXFileReference; explicitFileType = wrapper.framework; includeInIndex = 0; path = Pods_TodoaryTests.framework; sourceTree = BUILT_PRODUCTS_DIR; };
		F0738BD694AE7415B196AF3F /* Pods-Todoary.release.xcconfig */ = {isa = PBXFileReference; includeInIndex = 1; lastKnownFileType = text.xcconfig; name = "Pods-Todoary.release.xcconfig"; path = "Target Support Files/Pods-Todoary/Pods-Todoary.release.xcconfig"; sourceTree = "<group>"; };
		FCDF29F353924A8A0975F3D2 /* Pods-Todoary-TodoaryUITests.release.xcconfig */ = {isa = PBXFileReference; includeInIndex = 1; lastKnownFileType = text.xcconfig; name = "Pods-Todoary-TodoaryUITests.release.xcconfig"; path = "Target Support Files/Pods-Todoary-TodoaryUITests/Pods-Todoary-TodoaryUITests.release.xcconfig"; sourceTree = "<group>"; };
/* End PBXFileReference section */

/* Begin PBXFrameworksBuildPhase section */
		572E5AD3286EBDCC00D1FAA0 /* Frameworks */ = {
			isa = PBXFrameworksBuildPhase;
			buildActionMask = 2147483647;
			files = (
				5B93D8A67A229AA6C9BB8AB4 /* Pods_Todoary.framework in Frameworks */,
			);
			runOnlyForDeploymentPostprocessing = 0;
		};
		572E5AE9286EBDCF00D1FAA0 /* Frameworks */ = {
			isa = PBXFrameworksBuildPhase;
			buildActionMask = 2147483647;
			files = (
				0024750BAEB9630C4163DA2A /* Pods_TodoaryTests.framework in Frameworks */,
			);
			runOnlyForDeploymentPostprocessing = 0;
		};
		572E5AF3286EBDCF00D1FAA0 /* Frameworks */ = {
			isa = PBXFrameworksBuildPhase;
			buildActionMask = 2147483647;
			files = (
				56C584E56558AE37F9CFD733 /* Pods_Todoary_TodoaryUITests.framework in Frameworks */,
			);
			runOnlyForDeploymentPostprocessing = 0;
		};
/* End PBXFrameworksBuildPhase section */

/* Begin PBXGroup section */
		4AB76D1F7C7CA0A1F7C1F030 /* Pods */ = {
			isa = PBXGroup;
			children = (
				23500EEC1C12769BD765D73F /* Pods-Todoary.debug.xcconfig */,
				F0738BD694AE7415B196AF3F /* Pods-Todoary.release.xcconfig */,
				27551A320C2F6A0DAAA7560F /* Pods-Todoary-TodoaryUITests.debug.xcconfig */,
				FCDF29F353924A8A0975F3D2 /* Pods-Todoary-TodoaryUITests.release.xcconfig */,
				0561ADF242915405D22C51D3 /* Pods-TodoaryTests.debug.xcconfig */,
				20C1A5B5410B3E6C877D1E0E /* Pods-TodoaryTests.release.xcconfig */,
			);
			path = Pods;
			sourceTree = "<group>";
		};
		572E5ACD286EBDCC00D1FAA0 = {
			isa = PBXGroup;
			children = (
				572E5AD8286EBDCC00D1FAA0 /* Todoary */,
				572E5AEF286EBDCF00D1FAA0 /* TodoaryTests */,
				572E5AF9286EBDCF00D1FAA0 /* TodoaryUITests */,
				572E5AD7286EBDCC00D1FAA0 /* Products */,
				4AB76D1F7C7CA0A1F7C1F030 /* Pods */,
				6A3FCFB70B60E27C91CA609E /* Frameworks */,
			);
			sourceTree = "<group>";
		};
		572E5AD7286EBDCC00D1FAA0 /* Products */ = {
			isa = PBXGroup;
			children = (
				572E5AD6286EBDCC00D1FAA0 /* Todoary.app */,
				572E5AEC286EBDCF00D1FAA0 /* TodoaryTests.xctest */,
				572E5AF6286EBDCF00D1FAA0 /* TodoaryUITests.xctest */,
			);
			name = Products;
			sourceTree = "<group>";
		};
		572E5AD8286EBDCC00D1FAA0 /* Todoary */ = {
			isa = PBXGroup;
			children = (
				E005DE78287019B100814C79 /* Agreement */,
				E005DE72287018EA00814C79 /* AppPassword */,
				E0F2821A28702633004C106A /* UIColor */,
				572E5B0C286EC09900D1FAA0 /* UIFont */,
				572E5B09286EC04800D1FAA0 /* SignUp */,
				572E5AD9286EBDCC00D1FAA0 /* AppDelegate.swift */,
				572E5ADB286EBDCC00D1FAA0 /* SceneDelegate.swift */,
				572E5ADD286EBDCC00D1FAA0 /* ViewController.swift */,
				E005DE76287019AC00814C79 /* AgreementViewController.swift */,
				572E5ADF286EBDCC00D1FAA0 /* Main.storyboard */,
				572E5AE2286EBDCE00D1FAA0 /* Assets.xcassets */,
				572E5AE4286EBDCE00D1FAA0 /* LaunchScreen.storyboard */,
				572E5AE7286EBDCE00D1FAA0 /* Info.plist */,
			);
			path = Todoary;
			sourceTree = "<group>";
		};
		572E5AEF286EBDCF00D1FAA0 /* TodoaryTests */ = {
			isa = PBXGroup;
			children = (
				572E5AF0286EBDCF00D1FAA0 /* TodoaryTests.swift */,
			);
			path = TodoaryTests;
			sourceTree = "<group>";
		};
		572E5AF9286EBDCF00D1FAA0 /* TodoaryUITests */ = {
			isa = PBXGroup;
			children = (
				572E5AFA286EBDCF00D1FAA0 /* TodoaryUITests.swift */,
				572E5AFC286EBDCF00D1FAA0 /* TodoaryUITestsLaunchTests.swift */,
			);
			path = TodoaryUITests;
			sourceTree = "<group>";
		};
		572E5B09286EC04800D1FAA0 /* SignUp */ = {
			isa = PBXGroup;
			children = (
				572E5B11286EC3C800D1FAA0 /* SignUpViewController.swift */,
				572E5B19286F056800D1FAA0 /* SignUpViewController+Layout.swift */,
			);
			path = SignUp;
			sourceTree = "<group>";
		};
		572E5B0C286EC09900D1FAA0 /* UIFont */ = {
			isa = PBXGroup;
			children = (
				572E5B13286ED60C00D1FAA0 /* AppleSDGothicNeoB.ttf */,
				572E5B14286ED60C00D1FAA0 /* AppleSDGothicNeoM.ttf */,
				572E5B15286ED60C00D1FAA0 /* AppleSDGothicNeoSB.ttf */,
				572E5B0D286EC10500D1FAA0 /* UIFont.swift */,
			);
			path = UIFont;
			sourceTree = "<group>";
		};
		6A3FCFB70B60E27C91CA609E /* Frameworks */ = {
			isa = PBXGroup;
			children = (
				B70BFA075BC3082433B39DDB /* Pods_Todoary.framework */,
				838439C8F09B9E7FFC421176 /* Pods_Todoary_TodoaryUITests.framework */,
				E55EFE0725C14803EBD9E70B /* Pods_TodoaryTests.framework */,
			);
			name = Frameworks;
			sourceTree = "<group>";
		};
		E005DE72287018EA00814C79 /* AppPassword */ = {
			isa = PBXGroup;
			children = (
				E076E9EF28703ECE001E14E1 /* AppPasswordViewController.swift */,
				E005DE7A287019F900814C79 /* AppPasswordViewController+Layout.swift */,
			);
			path = AppPassword;
			sourceTree = "<group>";
		};
		E005DE78287019B100814C79 /* Agreement */ = {
			isa = PBXGroup;
			children = (
				E005DE79287019BD00814C79 /* AgreementViewController.swift */,
				E076E9E9287032C5001E14E1 /* AgreementViewController+Layout.swift */,
			);
			path = Agreement;
			sourceTree = "<group>";
		};
		E0F2821A28702633004C106A /* UIColor */ = {
			isa = PBXGroup;
			children = (
				572E5B0A286EC06100D1FAA0 /* UIColor.swift */,
			);
			path = UIColor;
			sourceTree = "<group>";
		};
/* End PBXGroup section */

/* Begin PBXNativeTarget section */
		572E5AD5286EBDCC00D1FAA0 /* Todoary */ = {
			isa = PBXNativeTarget;
			buildConfigurationList = 572E5B00286EBDCF00D1FAA0 /* Build configuration list for PBXNativeTarget "Todoary" */;
			buildPhases = (
				60041A8BF890CB93D53F89BA /* [CP] Check Pods Manifest.lock */,
				572E5AD2286EBDCC00D1FAA0 /* Sources */,
				572E5AD3286EBDCC00D1FAA0 /* Frameworks */,
				572E5AD4286EBDCC00D1FAA0 /* Resources */,
				338AEB620361507E3BC741D4 /* [CP] Embed Pods Frameworks */,
			);
			buildRules = (
			);
			dependencies = (
			);
			name = Todoary;
			productName = Todoary;
			productReference = 572E5AD6286EBDCC00D1FAA0 /* Todoary.app */;
			productType = "com.apple.product-type.application";
		};
		572E5AEB286EBDCF00D1FAA0 /* TodoaryTests */ = {
			isa = PBXNativeTarget;
			buildConfigurationList = 572E5B03286EBDCF00D1FAA0 /* Build configuration list for PBXNativeTarget "TodoaryTests" */;
			buildPhases = (
				FC12C301CC9716C7B2E073EA /* [CP] Check Pods Manifest.lock */,
				572E5AE8286EBDCF00D1FAA0 /* Sources */,
				572E5AE9286EBDCF00D1FAA0 /* Frameworks */,
				572E5AEA286EBDCF00D1FAA0 /* Resources */,
			);
			buildRules = (
			);
			dependencies = (
				572E5AEE286EBDCF00D1FAA0 /* PBXTargetDependency */,
			);
			name = TodoaryTests;
			productName = TodoaryTests;
			productReference = 572E5AEC286EBDCF00D1FAA0 /* TodoaryTests.xctest */;
			productType = "com.apple.product-type.bundle.unit-test";
		};
		572E5AF5286EBDCF00D1FAA0 /* TodoaryUITests */ = {
			isa = PBXNativeTarget;
			buildConfigurationList = 572E5B06286EBDCF00D1FAA0 /* Build configuration list for PBXNativeTarget "TodoaryUITests" */;
			buildPhases = (
				FABB97684987EEA553FE0F40 /* [CP] Check Pods Manifest.lock */,
				572E5AF2286EBDCF00D1FAA0 /* Sources */,
				572E5AF3286EBDCF00D1FAA0 /* Frameworks */,
				572E5AF4286EBDCF00D1FAA0 /* Resources */,
				CF78E2B2DA605E326ADFBCC9 /* [CP] Embed Pods Frameworks */,
			);
			buildRules = (
			);
			dependencies = (
				572E5AF8286EBDCF00D1FAA0 /* PBXTargetDependency */,
			);
			name = TodoaryUITests;
			productName = TodoaryUITests;
			productReference = 572E5AF6286EBDCF00D1FAA0 /* TodoaryUITests.xctest */;
			productType = "com.apple.product-type.bundle.ui-testing";
		};
/* End PBXNativeTarget section */

/* Begin PBXProject section */
		572E5ACE286EBDCC00D1FAA0 /* Project object */ = {
			isa = PBXProject;
			attributes = {
				BuildIndependentTargetsInParallel = 1;
				LastSwiftUpdateCheck = 1320;
				LastUpgradeCheck = 1320;
				TargetAttributes = {
					572E5AD5286EBDCC00D1FAA0 = {
						CreatedOnToolsVersion = 13.2;
					};
					572E5AEB286EBDCF00D1FAA0 = {
						CreatedOnToolsVersion = 13.2;
						TestTargetID = 572E5AD5286EBDCC00D1FAA0;
					};
					572E5AF5286EBDCF00D1FAA0 = {
						CreatedOnToolsVersion = 13.2;
						TestTargetID = 572E5AD5286EBDCC00D1FAA0;
					};
				};
			};
			buildConfigurationList = 572E5AD1286EBDCC00D1FAA0 /* Build configuration list for PBXProject "Todoary" */;
			compatibilityVersion = "Xcode 13.0";
			developmentRegion = en;
			hasScannedForEncodings = 0;
			knownRegions = (
				en,
				Base,
			);
			mainGroup = 572E5ACD286EBDCC00D1FAA0;
			productRefGroup = 572E5AD7286EBDCC00D1FAA0 /* Products */;
			projectDirPath = "";
			projectRoot = "";
			targets = (
				572E5AD5286EBDCC00D1FAA0 /* Todoary */,
				572E5AEB286EBDCF00D1FAA0 /* TodoaryTests */,
				572E5AF5286EBDCF00D1FAA0 /* TodoaryUITests */,
			);
		};
/* End PBXProject section */

/* Begin PBXResourcesBuildPhase section */
		572E5AD4286EBDCC00D1FAA0 /* Resources */ = {
			isa = PBXResourcesBuildPhase;
			buildActionMask = 2147483647;
			files = (
				572E5B18286ED60C00D1FAA0 /* AppleSDGothicNeoSB.ttf in Resources */,
				572E5B16286ED60C00D1FAA0 /* AppleSDGothicNeoB.ttf in Resources */,
				572E5AE6286EBDCE00D1FAA0 /* LaunchScreen.storyboard in Resources */,
				572E5AE3286EBDCE00D1FAA0 /* Assets.xcassets in Resources */,
				572E5AE1286EBDCC00D1FAA0 /* Main.storyboard in Resources */,
				572E5B17286ED60C00D1FAA0 /* AppleSDGothicNeoM.ttf in Resources */,
			);
			runOnlyForDeploymentPostprocessing = 0;
		};
		572E5AEA286EBDCF00D1FAA0 /* Resources */ = {
			isa = PBXResourcesBuildPhase;
			buildActionMask = 2147483647;
			files = (
			);
			runOnlyForDeploymentPostprocessing = 0;
		};
		572E5AF4286EBDCF00D1FAA0 /* Resources */ = {
			isa = PBXResourcesBuildPhase;
			buildActionMask = 2147483647;
			files = (
			);
			runOnlyForDeploymentPostprocessing = 0;
		};
/* End PBXResourcesBuildPhase section */

/* Begin PBXShellScriptBuildPhase section */
		338AEB620361507E3BC741D4 /* [CP] Embed Pods Frameworks */ = {
			isa = PBXShellScriptBuildPhase;
			buildActionMask = 2147483647;
			files = (
			);
			inputFileListPaths = (
				"${PODS_ROOT}/Target Support Files/Pods-Todoary/Pods-Todoary-frameworks-${CONFIGURATION}-input-files.xcfilelist",
			);
			name = "[CP] Embed Pods Frameworks";
			outputFileListPaths = (
				"${PODS_ROOT}/Target Support Files/Pods-Todoary/Pods-Todoary-frameworks-${CONFIGURATION}-output-files.xcfilelist",
			);
			runOnlyForDeploymentPostprocessing = 0;
			shellPath = /bin/sh;
			shellScript = "\"${PODS_ROOT}/Target Support Files/Pods-Todoary/Pods-Todoary-frameworks.sh\"\n";
			showEnvVarsInLog = 0;
		};
		60041A8BF890CB93D53F89BA /* [CP] Check Pods Manifest.lock */ = {
			isa = PBXShellScriptBuildPhase;
			buildActionMask = 2147483647;
			files = (
			);
			inputFileListPaths = (
			);
			inputPaths = (
				"${PODS_PODFILE_DIR_PATH}/Podfile.lock",
				"${PODS_ROOT}/Manifest.lock",
			);
			name = "[CP] Check Pods Manifest.lock";
			outputFileListPaths = (
			);
			outputPaths = (
				"$(DERIVED_FILE_DIR)/Pods-Todoary-checkManifestLockResult.txt",
			);
			runOnlyForDeploymentPostprocessing = 0;
			shellPath = /bin/sh;
			shellScript = "diff \"${PODS_PODFILE_DIR_PATH}/Podfile.lock\" \"${PODS_ROOT}/Manifest.lock\" > /dev/null\nif [ $? != 0 ] ; then\n    # print error to STDERR\n    echo \"error: The sandbox is not in sync with the Podfile.lock. Run 'pod install' or update your CocoaPods installation.\" >&2\n    exit 1\nfi\n# This output is used by Xcode 'outputs' to avoid re-running this script phase.\necho \"SUCCESS\" > \"${SCRIPT_OUTPUT_FILE_0}\"\n";
			showEnvVarsInLog = 0;
		};
		CF78E2B2DA605E326ADFBCC9 /* [CP] Embed Pods Frameworks */ = {
			isa = PBXShellScriptBuildPhase;
			buildActionMask = 2147483647;
			files = (
			);
			inputFileListPaths = (
				"${PODS_ROOT}/Target Support Files/Pods-Todoary-TodoaryUITests/Pods-Todoary-TodoaryUITests-frameworks-${CONFIGURATION}-input-files.xcfilelist",
			);
			name = "[CP] Embed Pods Frameworks";
			outputFileListPaths = (
				"${PODS_ROOT}/Target Support Files/Pods-Todoary-TodoaryUITests/Pods-Todoary-TodoaryUITests-frameworks-${CONFIGURATION}-output-files.xcfilelist",
			);
			runOnlyForDeploymentPostprocessing = 0;
			shellPath = /bin/sh;
			shellScript = "\"${PODS_ROOT}/Target Support Files/Pods-Todoary-TodoaryUITests/Pods-Todoary-TodoaryUITests-frameworks.sh\"\n";
			showEnvVarsInLog = 0;
		};
		FABB97684987EEA553FE0F40 /* [CP] Check Pods Manifest.lock */ = {
			isa = PBXShellScriptBuildPhase;
			buildActionMask = 2147483647;
			files = (
			);
			inputFileListPaths = (
			);
			inputPaths = (
				"${PODS_PODFILE_DIR_PATH}/Podfile.lock",
				"${PODS_ROOT}/Manifest.lock",
			);
			name = "[CP] Check Pods Manifest.lock";
			outputFileListPaths = (
			);
			outputPaths = (
				"$(DERIVED_FILE_DIR)/Pods-Todoary-TodoaryUITests-checkManifestLockResult.txt",
			);
			runOnlyForDeploymentPostprocessing = 0;
			shellPath = /bin/sh;
			shellScript = "diff \"${PODS_PODFILE_DIR_PATH}/Podfile.lock\" \"${PODS_ROOT}/Manifest.lock\" > /dev/null\nif [ $? != 0 ] ; then\n    # print error to STDERR\n    echo \"error: The sandbox is not in sync with the Podfile.lock. Run 'pod install' or update your CocoaPods installation.\" >&2\n    exit 1\nfi\n# This output is used by Xcode 'outputs' to avoid re-running this script phase.\necho \"SUCCESS\" > \"${SCRIPT_OUTPUT_FILE_0}\"\n";
			showEnvVarsInLog = 0;
		};
		FC12C301CC9716C7B2E073EA /* [CP] Check Pods Manifest.lock */ = {
			isa = PBXShellScriptBuildPhase;
			buildActionMask = 2147483647;
			files = (
			);
			inputFileListPaths = (
			);
			inputPaths = (
				"${PODS_PODFILE_DIR_PATH}/Podfile.lock",
				"${PODS_ROOT}/Manifest.lock",
			);
			name = "[CP] Check Pods Manifest.lock";
			outputFileListPaths = (
			);
			outputPaths = (
				"$(DERIVED_FILE_DIR)/Pods-TodoaryTests-checkManifestLockResult.txt",
			);
			runOnlyForDeploymentPostprocessing = 0;
			shellPath = /bin/sh;
			shellScript = "diff \"${PODS_PODFILE_DIR_PATH}/Podfile.lock\" \"${PODS_ROOT}/Manifest.lock\" > /dev/null\nif [ $? != 0 ] ; then\n    # print error to STDERR\n    echo \"error: The sandbox is not in sync with the Podfile.lock. Run 'pod install' or update your CocoaPods installation.\" >&2\n    exit 1\nfi\n# This output is used by Xcode 'outputs' to avoid re-running this script phase.\necho \"SUCCESS\" > \"${SCRIPT_OUTPUT_FILE_0}\"\n";
			showEnvVarsInLog = 0;
		};
/* End PBXShellScriptBuildPhase section */

/* Begin PBXSourcesBuildPhase section */
		572E5AD2286EBDCC00D1FAA0 /* Sources */ = {
			isa = PBXSourcesBuildPhase;
			buildActionMask = 2147483647;
			files = (
				572E5B12286EC3C800D1FAA0 /* SignUpViewController.swift in Sources */,
				E076E9F028703ECE001E14E1 /* AppPasswordViewController.swift in Sources */,
				E076E9EE28703EA1001E14E1 /* AppPasswordViewController+Layout.swift in Sources */,
				572E5ADE286EBDCC00D1FAA0 /* ViewController.swift in Sources */,
				E076E9ED28703DEE001E14E1 /* AgreementViewController.swift in Sources */,
				572E5B1A286F056800D1FAA0 /* SignUpViewController+Layout.swift in Sources */,
				572E5B0B286EC06100D1FAA0 /* UIColor.swift in Sources */,
				572E5ADA286EBDCC00D1FAA0 /* AppDelegate.swift in Sources */,
				E076E9EB28703CAF001E14E1 /* AgreementViewController+Layout.swift in Sources */,
				572E5B0E286EC10500D1FAA0 /* UIFont.swift in Sources */,
				572E5ADC286EBDCC00D1FAA0 /* SceneDelegate.swift in Sources */,
			);
			runOnlyForDeploymentPostprocessing = 0;
		};
		572E5AE8286EBDCF00D1FAA0 /* Sources */ = {
			isa = PBXSourcesBuildPhase;
			buildActionMask = 2147483647;
			files = (
				572E5AF1286EBDCF00D1FAA0 /* TodoaryTests.swift in Sources */,
			);
			runOnlyForDeploymentPostprocessing = 0;
		};
		572E5AF2286EBDCF00D1FAA0 /* Sources */ = {
			isa = PBXSourcesBuildPhase;
			buildActionMask = 2147483647;
			files = (
				572E5AFB286EBDCF00D1FAA0 /* TodoaryUITests.swift in Sources */,
				572E5AFD286EBDCF00D1FAA0 /* TodoaryUITestsLaunchTests.swift in Sources */,
			);
			runOnlyForDeploymentPostprocessing = 0;
		};
/* End PBXSourcesBuildPhase section */

/* Begin PBXTargetDependency section */
		572E5AEE286EBDCF00D1FAA0 /* PBXTargetDependency */ = {
			isa = PBXTargetDependency;
			target = 572E5AD5286EBDCC00D1FAA0 /* Todoary */;
			targetProxy = 572E5AED286EBDCF00D1FAA0 /* PBXContainerItemProxy */;
		};
		572E5AF8286EBDCF00D1FAA0 /* PBXTargetDependency */ = {
			isa = PBXTargetDependency;
			target = 572E5AD5286EBDCC00D1FAA0 /* Todoary */;
			targetProxy = 572E5AF7286EBDCF00D1FAA0 /* PBXContainerItemProxy */;
		};
/* End PBXTargetDependency section */

/* Begin PBXVariantGroup section */
		572E5ADF286EBDCC00D1FAA0 /* Main.storyboard */ = {
			isa = PBXVariantGroup;
			children = (
				572E5AE0286EBDCC00D1FAA0 /* Base */,
			);
			name = Main.storyboard;
			sourceTree = "<group>";
		};
		572E5AE4286EBDCE00D1FAA0 /* LaunchScreen.storyboard */ = {
			isa = PBXVariantGroup;
			children = (
				572E5AE5286EBDCE00D1FAA0 /* Base */,
			);
			name = LaunchScreen.storyboard;
			sourceTree = "<group>";
		};
/* End PBXVariantGroup section */

/* Begin XCBuildConfiguration section */
		572E5AFE286EBDCF00D1FAA0 /* Debug */ = {
			isa = XCBuildConfiguration;
			buildSettings = {
				ALWAYS_SEARCH_USER_PATHS = NO;
				CLANG_ANALYZER_NONNULL = YES;
				CLANG_ANALYZER_NUMBER_OBJECT_CONVERSION = YES_AGGRESSIVE;
				CLANG_CXX_LANGUAGE_STANDARD = "gnu++17";
				CLANG_CXX_LIBRARY = "libc++";
				CLANG_ENABLE_MODULES = YES;
				CLANG_ENABLE_OBJC_ARC = YES;
				CLANG_ENABLE_OBJC_WEAK = YES;
				CLANG_WARN_BLOCK_CAPTURE_AUTORELEASING = YES;
				CLANG_WARN_BOOL_CONVERSION = YES;
				CLANG_WARN_COMMA = YES;
				CLANG_WARN_CONSTANT_CONVERSION = YES;
				CLANG_WARN_DEPRECATED_OBJC_IMPLEMENTATIONS = YES;
				CLANG_WARN_DIRECT_OBJC_ISA_USAGE = YES_ERROR;
				CLANG_WARN_DOCUMENTATION_COMMENTS = YES;
				CLANG_WARN_EMPTY_BODY = YES;
				CLANG_WARN_ENUM_CONVERSION = YES;
				CLANG_WARN_INFINITE_RECURSION = YES;
				CLANG_WARN_INT_CONVERSION = YES;
				CLANG_WARN_NON_LITERAL_NULL_CONVERSION = YES;
				CLANG_WARN_OBJC_IMPLICIT_RETAIN_SELF = YES;
				CLANG_WARN_OBJC_LITERAL_CONVERSION = YES;
				CLANG_WARN_OBJC_ROOT_CLASS = YES_ERROR;
				CLANG_WARN_QUOTED_INCLUDE_IN_FRAMEWORK_HEADER = YES;
				CLANG_WARN_RANGE_LOOP_ANALYSIS = YES;
				CLANG_WARN_STRICT_PROTOTYPES = YES;
				CLANG_WARN_SUSPICIOUS_MOVE = YES;
				CLANG_WARN_UNGUARDED_AVAILABILITY = YES_AGGRESSIVE;
				CLANG_WARN_UNREACHABLE_CODE = YES;
				CLANG_WARN__DUPLICATE_METHOD_MATCH = YES;
				COPY_PHASE_STRIP = NO;
				DEBUG_INFORMATION_FORMAT = dwarf;
				ENABLE_STRICT_OBJC_MSGSEND = YES;
				ENABLE_TESTABILITY = YES;
				GCC_C_LANGUAGE_STANDARD = gnu11;
				GCC_DYNAMIC_NO_PIC = NO;
				GCC_NO_COMMON_BLOCKS = YES;
				GCC_OPTIMIZATION_LEVEL = 0;
				GCC_PREPROCESSOR_DEFINITIONS = (
					"DEBUG=1",
					"$(inherited)",
				);
				GCC_WARN_64_TO_32_BIT_CONVERSION = YES;
				GCC_WARN_ABOUT_RETURN_TYPE = YES_ERROR;
				GCC_WARN_UNDECLARED_SELECTOR = YES;
				GCC_WARN_UNINITIALIZED_AUTOS = YES_AGGRESSIVE;
				GCC_WARN_UNUSED_FUNCTION = YES;
				GCC_WARN_UNUSED_VARIABLE = YES;
				IPHONEOS_DEPLOYMENT_TARGET = 15.2;
				MTL_ENABLE_DEBUG_INFO = INCLUDE_SOURCE;
				MTL_FAST_MATH = YES;
				ONLY_ACTIVE_ARCH = YES;
				SDKROOT = iphoneos;
				SWIFT_ACTIVE_COMPILATION_CONDITIONS = DEBUG;
				SWIFT_OPTIMIZATION_LEVEL = "-Onone";
			};
			name = Debug;
		};
		572E5AFF286EBDCF00D1FAA0 /* Release */ = {
			isa = XCBuildConfiguration;
			buildSettings = {
				ALWAYS_SEARCH_USER_PATHS = NO;
				CLANG_ANALYZER_NONNULL = YES;
				CLANG_ANALYZER_NUMBER_OBJECT_CONVERSION = YES_AGGRESSIVE;
				CLANG_CXX_LANGUAGE_STANDARD = "gnu++17";
				CLANG_CXX_LIBRARY = "libc++";
				CLANG_ENABLE_MODULES = YES;
				CLANG_ENABLE_OBJC_ARC = YES;
				CLANG_ENABLE_OBJC_WEAK = YES;
				CLANG_WARN_BLOCK_CAPTURE_AUTORELEASING = YES;
				CLANG_WARN_BOOL_CONVERSION = YES;
				CLANG_WARN_COMMA = YES;
				CLANG_WARN_CONSTANT_CONVERSION = YES;
				CLANG_WARN_DEPRECATED_OBJC_IMPLEMENTATIONS = YES;
				CLANG_WARN_DIRECT_OBJC_ISA_USAGE = YES_ERROR;
				CLANG_WARN_DOCUMENTATION_COMMENTS = YES;
				CLANG_WARN_EMPTY_BODY = YES;
				CLANG_WARN_ENUM_CONVERSION = YES;
				CLANG_WARN_INFINITE_RECURSION = YES;
				CLANG_WARN_INT_CONVERSION = YES;
				CLANG_WARN_NON_LITERAL_NULL_CONVERSION = YES;
				CLANG_WARN_OBJC_IMPLICIT_RETAIN_SELF = YES;
				CLANG_WARN_OBJC_LITERAL_CONVERSION = YES;
				CLANG_WARN_OBJC_ROOT_CLASS = YES_ERROR;
				CLANG_WARN_QUOTED_INCLUDE_IN_FRAMEWORK_HEADER = YES;
				CLANG_WARN_RANGE_LOOP_ANALYSIS = YES;
				CLANG_WARN_STRICT_PROTOTYPES = YES;
				CLANG_WARN_SUSPICIOUS_MOVE = YES;
				CLANG_WARN_UNGUARDED_AVAILABILITY = YES_AGGRESSIVE;
				CLANG_WARN_UNREACHABLE_CODE = YES;
				CLANG_WARN__DUPLICATE_METHOD_MATCH = YES;
				COPY_PHASE_STRIP = NO;
				DEBUG_INFORMATION_FORMAT = "dwarf-with-dsym";
				ENABLE_NS_ASSERTIONS = NO;
				ENABLE_STRICT_OBJC_MSGSEND = YES;
				GCC_C_LANGUAGE_STANDARD = gnu11;
				GCC_NO_COMMON_BLOCKS = YES;
				GCC_WARN_64_TO_32_BIT_CONVERSION = YES;
				GCC_WARN_ABOUT_RETURN_TYPE = YES_ERROR;
				GCC_WARN_UNDECLARED_SELECTOR = YES;
				GCC_WARN_UNINITIALIZED_AUTOS = YES_AGGRESSIVE;
				GCC_WARN_UNUSED_FUNCTION = YES;
				GCC_WARN_UNUSED_VARIABLE = YES;
				IPHONEOS_DEPLOYMENT_TARGET = 15.2;
				MTL_ENABLE_DEBUG_INFO = NO;
				MTL_FAST_MATH = YES;
				SDKROOT = iphoneos;
				SWIFT_COMPILATION_MODE = wholemodule;
				SWIFT_OPTIMIZATION_LEVEL = "-O";
				VALIDATE_PRODUCT = YES;
			};
			name = Release;
		};
		572E5B01286EBDCF00D1FAA0 /* Debug */ = {
			isa = XCBuildConfiguration;
			baseConfigurationReference = 23500EEC1C12769BD765D73F /* Pods-Todoary.debug.xcconfig */;
			buildSettings = {
				ASSETCATALOG_COMPILER_APPICON_NAME = AppIcon;
				ASSETCATALOG_COMPILER_GLOBAL_ACCENT_COLOR_NAME = AccentColor;
				CODE_SIGN_STYLE = Automatic;
				CURRENT_PROJECT_VERSION = 1;
				DEVELOPMENT_TEAM = DS2AD6Q7T4;
				GENERATE_INFOPLIST_FILE = YES;
				INFOPLIST_FILE = Todoary/Info.plist;
				INFOPLIST_KEY_UIApplicationSupportsIndirectInputEvents = YES;
				INFOPLIST_KEY_UILaunchStoryboardName = LaunchScreen;
				INFOPLIST_KEY_UIMainStoryboardFile = Main;
				INFOPLIST_KEY_UISupportedInterfaceOrientations_iPad = "UIInterfaceOrientationPortrait UIInterfaceOrientationPortraitUpsideDown UIInterfaceOrientationLandscapeLeft UIInterfaceOrientationLandscapeRight";
				INFOPLIST_KEY_UISupportedInterfaceOrientations_iPhone = "UIInterfaceOrientationPortrait UIInterfaceOrientationLandscapeLeft UIInterfaceOrientationLandscapeRight";
				LD_RUNPATH_SEARCH_PATHS = (
					"$(inherited)",
					"@executable_path/Frameworks",
				);
				MARKETING_VERSION = 1.0;
				PRODUCT_BUNDLE_IDENTIFIER = ssooya.Todoary;
				PRODUCT_NAME = "$(TARGET_NAME)";
				SWIFT_EMIT_LOC_STRINGS = YES;
				SWIFT_VERSION = 5.0;
				TARGETED_DEVICE_FAMILY = "1,2";
			};
			name = Debug;
		};
		572E5B02286EBDCF00D1FAA0 /* Release */ = {
			isa = XCBuildConfiguration;
			baseConfigurationReference = F0738BD694AE7415B196AF3F /* Pods-Todoary.release.xcconfig */;
			buildSettings = {
				ASSETCATALOG_COMPILER_APPICON_NAME = AppIcon;
				ASSETCATALOG_COMPILER_GLOBAL_ACCENT_COLOR_NAME = AccentColor;
				CODE_SIGN_STYLE = Automatic;
				CURRENT_PROJECT_VERSION = 1;
				DEVELOPMENT_TEAM = DS2AD6Q7T4;
				GENERATE_INFOPLIST_FILE = YES;
				INFOPLIST_FILE = Todoary/Info.plist;
				INFOPLIST_KEY_UIApplicationSupportsIndirectInputEvents = YES;
				INFOPLIST_KEY_UILaunchStoryboardName = LaunchScreen;
				INFOPLIST_KEY_UIMainStoryboardFile = Main;
				INFOPLIST_KEY_UISupportedInterfaceOrientations_iPad = "UIInterfaceOrientationPortrait UIInterfaceOrientationPortraitUpsideDown UIInterfaceOrientationLandscapeLeft UIInterfaceOrientationLandscapeRight";
				INFOPLIST_KEY_UISupportedInterfaceOrientations_iPhone = "UIInterfaceOrientationPortrait UIInterfaceOrientationLandscapeLeft UIInterfaceOrientationLandscapeRight";
				LD_RUNPATH_SEARCH_PATHS = (
					"$(inherited)",
					"@executable_path/Frameworks",
				);
				MARKETING_VERSION = 1.0;
				PRODUCT_BUNDLE_IDENTIFIER = ssooya.Todoary;
				PRODUCT_NAME = "$(TARGET_NAME)";
				SWIFT_EMIT_LOC_STRINGS = YES;
				SWIFT_VERSION = 5.0;
				TARGETED_DEVICE_FAMILY = "1,2";
			};
			name = Release;
		};
		572E5B04286EBDCF00D1FAA0 /* Debug */ = {
			isa = XCBuildConfiguration;
			baseConfigurationReference = 0561ADF242915405D22C51D3 /* Pods-TodoaryTests.debug.xcconfig */;
			buildSettings = {
				ALWAYS_EMBED_SWIFT_STANDARD_LIBRARIES = YES;
				BUNDLE_LOADER = "$(TEST_HOST)";
				CODE_SIGN_STYLE = Automatic;
				CURRENT_PROJECT_VERSION = 1;
				DEVELOPMENT_TEAM = DS2AD6Q7T4;
				GENERATE_INFOPLIST_FILE = YES;
				IPHONEOS_DEPLOYMENT_TARGET = 15.2;
				MARKETING_VERSION = 1.0;
				PRODUCT_BUNDLE_IDENTIFIER = ssooya.TodoaryTests;
				PRODUCT_NAME = "$(TARGET_NAME)";
				SWIFT_EMIT_LOC_STRINGS = NO;
				SWIFT_VERSION = 5.0;
				TARGETED_DEVICE_FAMILY = "1,2";
				TEST_HOST = "$(BUILT_PRODUCTS_DIR)/Todoary.app/Todoary";
			};
			name = Debug;
		};
		572E5B05286EBDCF00D1FAA0 /* Release */ = {
			isa = XCBuildConfiguration;
			baseConfigurationReference = 20C1A5B5410B3E6C877D1E0E /* Pods-TodoaryTests.release.xcconfig */;
			buildSettings = {
				ALWAYS_EMBED_SWIFT_STANDARD_LIBRARIES = YES;
				BUNDLE_LOADER = "$(TEST_HOST)";
				CODE_SIGN_STYLE = Automatic;
				CURRENT_PROJECT_VERSION = 1;
				DEVELOPMENT_TEAM = DS2AD6Q7T4;
				GENERATE_INFOPLIST_FILE = YES;
				IPHONEOS_DEPLOYMENT_TARGET = 15.2;
				MARKETING_VERSION = 1.0;
				PRODUCT_BUNDLE_IDENTIFIER = ssooya.TodoaryTests;
				PRODUCT_NAME = "$(TARGET_NAME)";
				SWIFT_EMIT_LOC_STRINGS = NO;
				SWIFT_VERSION = 5.0;
				TARGETED_DEVICE_FAMILY = "1,2";
				TEST_HOST = "$(BUILT_PRODUCTS_DIR)/Todoary.app/Todoary";
			};
			name = Release;
		};
		572E5B07286EBDCF00D1FAA0 /* Debug */ = {
			isa = XCBuildConfiguration;
			baseConfigurationReference = 27551A320C2F6A0DAAA7560F /* Pods-Todoary-TodoaryUITests.debug.xcconfig */;
			buildSettings = {
				ALWAYS_EMBED_SWIFT_STANDARD_LIBRARIES = YES;
				CODE_SIGN_STYLE = Automatic;
				CURRENT_PROJECT_VERSION = 1;
				DEVELOPMENT_TEAM = DS2AD6Q7T4;
				GENERATE_INFOPLIST_FILE = YES;
				MARKETING_VERSION = 1.0;
				PRODUCT_BUNDLE_IDENTIFIER = ssooya.TodoaryUITests;
				PRODUCT_NAME = "$(TARGET_NAME)";
				SWIFT_EMIT_LOC_STRINGS = NO;
				SWIFT_VERSION = 5.0;
				TARGETED_DEVICE_FAMILY = "1,2";
				TEST_TARGET_NAME = Todoary;
			};
			name = Debug;
		};
		572E5B08286EBDCF00D1FAA0 /* Release */ = {
			isa = XCBuildConfiguration;
			baseConfigurationReference = FCDF29F353924A8A0975F3D2 /* Pods-Todoary-TodoaryUITests.release.xcconfig */;
			buildSettings = {
				ALWAYS_EMBED_SWIFT_STANDARD_LIBRARIES = YES;
				CODE_SIGN_STYLE = Automatic;
				CURRENT_PROJECT_VERSION = 1;
				DEVELOPMENT_TEAM = DS2AD6Q7T4;
				GENERATE_INFOPLIST_FILE = YES;
				MARKETING_VERSION = 1.0;
				PRODUCT_BUNDLE_IDENTIFIER = ssooya.TodoaryUITests;
				PRODUCT_NAME = "$(TARGET_NAME)";
				SWIFT_EMIT_LOC_STRINGS = NO;
				SWIFT_VERSION = 5.0;
				TARGETED_DEVICE_FAMILY = "1,2";
				TEST_TARGET_NAME = Todoary;
			};
			name = Release;
		};
/* End XCBuildConfiguration section */

/* Begin XCConfigurationList section */
		572E5AD1286EBDCC00D1FAA0 /* Build configuration list for PBXProject "Todoary" */ = {
			isa = XCConfigurationList;
			buildConfigurations = (
				572E5AFE286EBDCF00D1FAA0 /* Debug */,
				572E5AFF286EBDCF00D1FAA0 /* Release */,
			);
			defaultConfigurationIsVisible = 0;
			defaultConfigurationName = Release;
		};
		572E5B00286EBDCF00D1FAA0 /* Build configuration list for PBXNativeTarget "Todoary" */ = {
			isa = XCConfigurationList;
			buildConfigurations = (
				572E5B01286EBDCF00D1FAA0 /* Debug */,
				572E5B02286EBDCF00D1FAA0 /* Release */,
			);
			defaultConfigurationIsVisible = 0;
			defaultConfigurationName = Release;
		};
		572E5B03286EBDCF00D1FAA0 /* Build configuration list for PBXNativeTarget "TodoaryTests" */ = {
			isa = XCConfigurationList;
			buildConfigurations = (
				572E5B04286EBDCF00D1FAA0 /* Debug */,
				572E5B05286EBDCF00D1FAA0 /* Release */,
			);
			defaultConfigurationIsVisible = 0;
			defaultConfigurationName = Release;
		};
		572E5B06286EBDCF00D1FAA0 /* Build configuration list for PBXNativeTarget "TodoaryUITests" */ = {
			isa = XCConfigurationList;
			buildConfigurations = (
				572E5B07286EBDCF00D1FAA0 /* Debug */,
				572E5B08286EBDCF00D1FAA0 /* Release */,
			);
			defaultConfigurationIsVisible = 0;
			defaultConfigurationName = Release;
		};
/* End XCConfigurationList section */
	};
	rootObject = 572E5ACE286EBDCC00D1FAA0 /* Project object */;
}
